
Microsoft Visual Studio Solution File, Format Version 12.00
# Visual Studio 15
VisualStudioVersion = 15.0.28307.705
MinimumVisualStudioVersion = 10.0.40219.1
Project("{8BC9CEB8-8B4A-11D0-8D11-00A0C91BC942}") = "BGTU-course-work", "BGTU-course-work\BGTU-course-work.vcxproj", "{64061CDD-07A5-40E2-89EF-EE9DA75EE112}"
EndProject
Global
	GlobalSection(SolutionConfigurationPlatforms) = preSolution
		Debug|x64 = Debug|x64
		Debug|x86 = Debug|x86
		Release|x64 = Release|x64
		Release|x86 = Release|x86
	EndGlobalSection
	GlobalSection(ProjectConfigurationPlatforms) = postSolution
		{64061CDD-07A5-40E2-89EF-EE9DA75EE112}.Debug|x64.ActiveCfg = Debug|x64
		{64061CDD-07A5-40E2-89EF-EE9DA75EE112}.Debug|x64.Build.0 = Debug|x64
		{64061CDD-07A5-40E2-89EF-EE9DA75EE112}.Debug|x86.ActiveCfg = Debug|Win32
		{64061CDD-07A5-40E2-89EF-EE9DA75EE112}.Debug|x86.Build.0 = Debug|Win32
		{64061CDD-07A5-40E2-89EF-EE9DA75EE112}.Release|x64.ActiveCfg = Release|x64
		{64061CDD-07A5-40E2-89EF-EE9DA75EE112}.Release|x64.Build.0 = Release|x64
		{64061CDD-07A5-40E2-89EF-EE9DA75EE112}.Release|x86.ActiveCfg = Release|Win32
		{64061CDD-07A5-40E2-89EF-EE9DA75EE112}.Release|x86.Build.0 = Release|Win32
	EndGlobalSection
	GlobalSection(SolutionProperties) = preSolution
		HideSolutionNode = FALSE
	EndGlobalSection
	GlobalSection(ExtensibilityGlobals) = postSolution
		SolutionGuid = {83B4491F-617F-421B-8ED7-D62A5A5A15CD}
	EndGlobalSection
EndGlobal
